
Microsoft Visual Studio Solution File, Format Version 12.00
# Visual Studio Version 17
VisualStudioVersion = 17.14.36310.24 d17.14
MinimumVisualStudioVersion = 10.0.40219.1
Project("{FAE04EC0-301F-11D3-BF4B-00C04F79EFBC}") = "JQueryDataTable", "JQueryDataTable\JQueryDataTable.csproj", "{F089E5D9-C650-4E21-87FE-A23DA2D66F63}"
EndProject
Global
	GlobalSection(SolutionConfigurationPlatforms) = preSolution
		Debug|Any CPU = Debug|Any CPU
		Release|Any CPU = Release|Any CPU
	EndGlobalSection
	GlobalSection(ProjectConfigurationPlatforms) = postSolution
		{F089E5D9-C650-4E21-87FE-A23DA2D66F63}.Debug|Any CPU.ActiveCfg = Debug|Any CPU
		{F089E5D9-C650-4E21-87FE-A23DA2D66F63}.Debug|Any CPU.Build.0 = Debug|Any CPU
		{F089E5D9-C650-4E21-87FE-A23DA2D66F63}.Release|Any CPU.ActiveCfg = Release|Any CPU
		{F089E5D9-C650-4E21-87FE-A23DA2D66F63}.Release|Any CPU.Build.0 = Release|Any CPU
	EndGlobalSection
	GlobalSection(SolutionProperties) = preSolution
		HideSolutionNode = FALSE
	EndGlobalSection
	GlobalSection(ExtensibilityGlobals) = postSolution
		SolutionGuid = {9B97CE9D-0DB1-4743-89B7-D82E50AC5928}
	EndGlobalSection
EndGlobal
